
Microsoft Visual Studio Solution File, Format Version 12.00
# Visual Studio Version 17
VisualStudioVersion = 17.3.32901.215
MinimumVisualStudioVersion = 10.0.40219.1
Project("{FAE04EC0-301F-11D3-BF4B-00C04F79EFBC}") = "DONGULER", "DONGULER\DONGULER.csproj", "{7BDA2F95-6DD5-4A39-8253-68491F8E5F51}"
EndProject
Global
	GlobalSection(SolutionConfigurationPlatforms) = preSolution
		Debug|Any CPU = Debug|Any CPU
		Release|Any CPU = Release|Any CPU
	EndGlobalSection
	GlobalSection(ProjectConfigurationPlatforms) = postSolution
		{7BDA2F95-6DD5-4A39-8253-68491F8E5F51}.Debug|Any CPU.ActiveCfg = Debug|Any CPU
		{7BDA2F95-6DD5-4A39-8253-68491F8E5F51}.Debug|Any CPU.Build.0 = Debug|Any CPU
		{7BDA2F95-6DD5-4A39-8253-68491F8E5F51}.Release|Any CPU.ActiveCfg = Release|Any CPU
		{7BDA2F95-6DD5-4A39-8253-68491F8E5F51}.Release|Any CPU.Build.0 = Release|Any CPU
	EndGlobalSection
	GlobalSection(SolutionProperties) = preSolution
		HideSolutionNode = FALSE
	EndGlobalSection
	GlobalSection(ExtensibilityGlobals) = postSolution
		SolutionGuid = {C5387277-C78D-4225-B52A-A727169A8F38}
	EndGlobalSection
EndGlobal
